
Microsoft Visual Studio Solution File, Format Version 12.00
# Visual Studio 15
Project("{FAE04EC0-301F-11D3-BF4B-00C04F79EFBC}") = "ToDoTest", "ToDoTest\ToDoTest.csproj", "{BB25F0F0-6CF1-47B8-8BF6-B5AD557E6524}"
EndProject
Global
	GlobalSection(SolutionConfigurationPlatforms) = preSolution
		Debug|Any CPU = Debug|Any CPU
		Release|Any CPU = Release|Any CPU
	EndGlobalSection
	GlobalSection(ProjectConfigurationPlatforms) = postSolution
		{BB25F0F0-6CF1-47B8-8BF6-B5AD557E6524}.Debug|Any CPU.ActiveCfg = Debug|Any CPU
		{BB25F0F0-6CF1-47B8-8BF6-B5AD557E6524}.Debug|Any CPU.Build.0 = Debug|Any CPU
		{BB25F0F0-6CF1-47B8-8BF6-B5AD557E6524}.Release|Any CPU.ActiveCfg = Release|Any CPU
		{BB25F0F0-6CF1-47B8-8BF6-B5AD557E6524}.Release|Any CPU.Build.0 = Release|Any CPU
	EndGlobalSection
EndGlobal
