
Microsoft Visual Studio Solution File, Format Version 12.00
# Visual Studio 15
Project("{FAE04EC0-301F-11D3-BF4B-00C04F79EFBC}") = "SuperHeroes", "SuperHeroes\SuperHeroes.csproj", "{B307A4BF-488E-40C1-AAC5-95EF7C63EDAE}"
EndProject
Global
	GlobalSection(SolutionConfigurationPlatforms) = preSolution
		Debug|Any CPU = Debug|Any CPU
		Release|Any CPU = Release|Any CPU
	EndGlobalSection
	GlobalSection(ProjectConfigurationPlatforms) = postSolution
		{B307A4BF-488E-40C1-AAC5-95EF7C63EDAE}.Debug|Any CPU.ActiveCfg = Debug|Any CPU
		{B307A4BF-488E-40C1-AAC5-95EF7C63EDAE}.Debug|Any CPU.Build.0 = Debug|Any CPU
		{B307A4BF-488E-40C1-AAC5-95EF7C63EDAE}.Release|Any CPU.ActiveCfg = Release|Any CPU
		{B307A4BF-488E-40C1-AAC5-95EF7C63EDAE}.Release|Any CPU.Build.0 = Release|Any CPU
	EndGlobalSection
EndGlobal
