
Microsoft Visual Studio Solution File, Format Version 12.00
# Visual Studio 15
Project("{FAE04EC0-301F-11D3-BF4B-00C04F79EFBC}") = "TodoItems", "TodoItems\TodoItems.csproj", "{FE4EBECA-9391-4DC6-943E-85A14EEB36AF}"
EndProject
Global
	GlobalSection(SolutionConfigurationPlatforms) = preSolution
		Debug|Any CPU = Debug|Any CPU
		Release|Any CPU = Release|Any CPU
	EndGlobalSection
	GlobalSection(ProjectConfigurationPlatforms) = postSolution
		{FE4EBECA-9391-4DC6-943E-85A14EEB36AF}.Debug|Any CPU.ActiveCfg = Debug|Any CPU
		{FE4EBECA-9391-4DC6-943E-85A14EEB36AF}.Debug|Any CPU.Build.0 = Debug|Any CPU
		{FE4EBECA-9391-4DC6-943E-85A14EEB36AF}.Release|Any CPU.ActiveCfg = Release|Any CPU
		{FE4EBECA-9391-4DC6-943E-85A14EEB36AF}.Release|Any CPU.Build.0 = Release|Any CPU
	EndGlobalSection
EndGlobal
